// !$*UTF8*$!
{
	archiveVersion = 1;
	classes = {
	};
	objectVersion = 77;
	objects = {

/* Begin PBXContainerItemProxy section */
		E48864682DCB9A9400F79C64 /* PBXContainerItemProxy */ = {
			isa = PBXContainerItemProxy;
			containerPortal = E488644F2DCB9A9300F79C64 /* Project object */;
			proxyType = 1;
			remoteGlobalIDString = E48864562DCB9A9300F79C64;
			remoteInfo = CodeSnippet;
		};
		E48864722DCB9A9400F79C64 /* PBXContainerItemProxy */ = {
			isa = PBXContainerItemProxy;
			containerPortal = E488644F2DCB9A9300F79C64 /* Project object */;
			proxyType = 1;
			remoteGlobalIDString = E48864562DCB9A9300F79C64;
			remoteInfo = CodeSnippet;
		};
/* End PBXContainerItemProxy section */

/* Begin PBXFileReference section */
		E48864572DCB9A9300F79C64 /* CodeSnippet.app */ = {isa = PBXFileReference; explicitFileType = wrapper.application; includeInIndex = 0; path = CodeSnippet.app; sourceTree = BUILT_PRODUCTS_DIR; };
		E48864672DCB9A9400F79C64 /* CodeSnippetTests.xctest */ = {isa = PBXFileReference; explicitFileType = wrapper.cfbundle; includeInIndex = 0; path = CodeSnippetTests.xctest; sourceTree = BUILT_PRODUCTS_DIR; };
		E48864712DCB9A9400F79C64 /* CodeSnippetUITests.xctest */ = {isa = PBXFileReference; explicitFileType = wrapper.cfbundle; includeInIndex = 0; path = CodeSnippetUITests.xctest; sourceTree = BUILT_PRODUCTS_DIR; };
/* End PBXFileReference section */

/* Begin PBXFileSystemSynchronizedRootGroup section */
		E48864592DCB9A9300F79C64 /* CodeSnippet */ = {
			isa = PBXFileSystemSynchronizedRootGroup;
			path = CodeSnippet;
			sourceTree = "<group>";
		};
		E488646A2DCB9A9400F79C64 /* CodeSnippetTests */ = {
			isa = PBXFileSystemSynchronizedRootGroup;
			path = CodeSnippetTests;
			sourceTree = "<group>";
		};
		E48864742DCB9A9400F79C64 /* CodeSnippetUITests */ = {
			isa = PBXFileSystemSynchronizedRootGroup;
			path = CodeSnippetUITests;
			sourceTree = "<group>";
		};
/* End PBXFileSystemSynchronizedRootGroup section */

/* Begin PBXFrameworksBuildPhase section */
		E48864542DCB9A9300F79C64 /* Frameworks */ = {
			isa = PBXFrameworksBuildPhase;
			buildActionMask = 2147483647;
			files = (
			);
			runOnlyForDeploymentPostprocessing = 0;
		};
		E48864642DCB9A9400F79C64 /* Frameworks */ = {
			isa = PBXFrameworksBuildPhase;
			buildActionMask = 2147483647;
			files = (
			);
			runOnlyForDeploymentPostprocessing = 0;
		};
		E488646E2DCB9A9400F79C64 /* Frameworks */ = {
			isa = PBXFrameworksBuildPhase;
			buildActionMask = 2147483647;
			files = (
			);
			runOnlyForDeploymentPostprocessing = 0;
		};
/* End PBXFrameworksBuildPhase section */

/* Begin PBXGroup section */
		E488644E2DCB9A9300F79C64 = {
			isa = PBXGroup;
			children = (
				E48864592DCB9A9300F79C64 /* CodeSnippet */,
				E488646A2DCB9A9400F79C64 /* CodeSnippetTests */,
				E48864742DCB9A9400F79C64 /* CodeSnippetUITests */,
				E48864582DCB9A9300F79C64 /* Products */,
			);
			sourceTree = "<group>";
		};
		E48864582DCB9A9300F79C64 /* Products */ = {
			isa = PBXGroup;
			children = (
				E48864572DCB9A9300F79C64 /* CodeSnippet.app */,
				E48864672DCB9A9400F79C64 /* CodeSnippetTests.xctest */,
				E48864712DCB9A9400F79C64 /* CodeSnippetUITests.xctest */,
			);
			name = Products;
			sourceTree = "<group>";
		};
/* End PBXGroup section */

/* Begin PBXNativeTarget section */
		E48864562DCB9A9300F79C64 /* CodeSnippet */ = {
			isa = PBXNativeTarget;
			buildConfigurationList = E488647B2DCB9A9400F79C64 /* Build configuration list for PBXNativeTarget "CodeSnippet" */;
			buildPhases = (
				E48864532DCB9A9300F79C64 /* Sources */,
				E48864542DCB9A9300F79C64 /* Frameworks */,
				E48864552DCB9A9300F79C64 /* Resources */,
			);
			buildRules = (
			);
			dependencies = (
			);
			fileSystemSynchronizedGroups = (
				E48864592DCB9A9300F79C64 /* CodeSnippet */,
			);
			name = CodeSnippet;
			packageProductDependencies = (
			);
			productName = CodeSnippet;
			productReference = E48864572DCB9A9300F79C64 /* CodeSnippet.app */;
			productType = "com.apple.product-type.application";
		};
		E48864662DCB9A9400F79C64 /* CodeSnippetTests */ = {
			isa = PBXNativeTarget;
			buildConfigurationList = E488647E2DCB9A9400F79C64 /* Build configuration list for PBXNativeTarget "CodeSnippetTests" */;
			buildPhases = (
				E48864632DCB9A9400F79C64 /* Sources */,
				E48864642DCB9A9400F79C64 /* Frameworks */,
				E48864652DCB9A9400F79C64 /* Resources */,
			);
			buildRules = (
			);
			dependencies = (
				E48864692DCB9A9400F79C64 /* PBXTargetDependency */,
			);
			fileSystemSynchronizedGroups = (
				E488646A2DCB9A9400F79C64 /* CodeSnippetTests */,
			);
			name = CodeSnippetTests;
			packageProductDependencies = (
			);
			productName = CodeSnippetTests;
			productReference = E48864672DCB9A9400F79C64 /* CodeSnippetTests.xctest */;
			productType = "com.apple.product-type.bundle.unit-test";
		};
		E48864702DCB9A9400F79C64 /* CodeSnippetUITests */ = {
			isa = PBXNativeTarget;
			buildConfigurationList = E48864812DCB9A9400F79C64 /* Build configuration list for PBXNativeTarget "CodeSnippetUITests" */;
			buildPhases = (
				E488646D2DCB9A9400F79C64 /* Sources */,
				E488646E2DCB9A9400F79C64 /* Frameworks */,
				E488646F2DCB9A9400F79C64 /* Resources */,
			);
			buildRules = (
			);
			dependencies = (
				E48864732DCB9A9400F79C64 /* PBXTargetDependency */,
			);
			fileSystemSynchronizedGroups = (
				E48864742DCB9A9400F79C64 /* CodeSnippetUITests */,
			);
			name = CodeSnippetUITests;
			packageProductDependencies = (
			);
			productName = CodeSnippetUITests;
			productReference = E48864712DCB9A9400F79C64 /* CodeSnippetUITests.xctest */;
			productType = "com.apple.product-type.bundle.ui-testing";
		};
/* End PBXNativeTarget section */

/* Begin PBXProject section */
		E488644F2DCB9A9300F79C64 /* Project object */ = {
			isa = PBXProject;
			attributes = {
				BuildIndependentTargetsInParallel = 1;
				LastSwiftUpdateCheck = 1610;
				LastUpgradeCheck = 1610;
				TargetAttributes = {
					E48864562DCB9A9300F79C64 = {
						CreatedOnToolsVersion = 16.1;
					};
					E48864662DCB9A9400F79C64 = {
						CreatedOnToolsVersion = 16.1;
						TestTargetID = E48864562DCB9A9300F79C64;
					};
					E48864702DCB9A9400F79C64 = {
						CreatedOnToolsVersion = 16.1;
						TestTargetID = E48864562DCB9A9300F79C64;
					};
				};
			};
			buildConfigurationList = E48864522DCB9A9300F79C64 /* Build configuration list for PBXProject "CodeSnippet" */;
			developmentRegion = en;
			hasScannedForEncodings = 0;
			knownRegions = (
				en,
				Base,
			);
			mainGroup = E488644E2DCB9A9300F79C64;
			minimizedProjectReferenceProxies = 1;
			preferredProjectObjectVersion = 77;
			productRefGroup = E48864582DCB9A9300F79C64 /* Products */;
			projectDirPath = "";
			projectRoot = "";
			targets = (
				E48864562DCB9A9300F79C64 /* CodeSnippet */,
				E48864662DCB9A9400F79C64 /* CodeSnippetTests */,
				E48864702DCB9A9400F79C64 /* CodeSnippetUITests */,
			);
		};
/* End PBXProject section */

/* Begin PBXResourcesBuildPhase section */
		E48864552DCB9A9300F79C64 /* Resources */ = {
			isa = PBXResourcesBuildPhase;
			buildActionMask = 2147483647;
			files = (
			);
			runOnlyForDeploymentPostprocessing = 0;
		};
		E48864652DCB9A9400F79C64 /* Resources */ = {
			isa = PBXResourcesBuildPhase;
			buildActionMask = 2147483647;
			files = (
			);
			runOnlyForDeploymentPostprocessing = 0;
		};
		E488646F2DCB9A9400F79C64 /* Resources */ = {
			isa = PBXResourcesBuildPhase;
			buildActionMask = 2147483647;
			files = (
			);
			runOnlyForDeploymentPostprocessing = 0;
		};
/* End PBXResourcesBuildPhase section */

/* Begin PBXSourcesBuildPhase section */
		E48864532DCB9A9300F79C64 /* Sources */ = {
			isa = PBXSourcesBuildPhase;
			buildActionMask = 2147483647;
			files = (
			);
			runOnlyForDeploymentPostprocessing = 0;
		};
		E48864632DCB9A9400F79C64 /* Sources */ = {
			isa = PBXSourcesBuildPhase;
			buildActionMask = 2147483647;
			files = (
			);
			runOnlyForDeploymentPostprocessing = 0;
		};
		E488646D2DCB9A9400F79C64 /* Sources */ = {
			isa = PBXSourcesBuildPhase;
			buildActionMask = 2147483647;
			files = (
			);
			runOnlyForDeploymentPostprocessing = 0;
		};
/* End PBXSourcesBuildPhase section */

/* Begin PBXTargetDependency section */
		E48864692DCB9A9400F79C64 /* PBXTargetDependency */ = {
			isa = PBXTargetDependency;
			target = E48864562DCB9A9300F79C64 /* CodeSnippet */;
			targetProxy = E48864682DCB9A9400F79C64 /* PBXContainerItemProxy */;
		};
		E48864732DCB9A9400F79C64 /* PBXTargetDependency */ = {
			isa = PBXTargetDependency;
			target = E48864562DCB9A9300F79C64 /* CodeSnippet */;
			targetProxy = E48864722DCB9A9400F79C64 /* PBXContainerItemProxy */;
		};
/* End PBXTargetDependency section */

/* Begin XCBuildConfiguration section */
		E48864792DCB9A9400F79C64 /* Debug */ = {
			isa = XCBuildConfiguration;
			buildSettings = {
				ALWAYS_SEARCH_USER_PATHS = NO;
				ASSETCATALOG_COMPILER_GENERATE_SWIFT_ASSET_SYMBOL_EXTENSIONS = YES;
				CLANG_ANALYZER_NONNULL = YES;
				CLANG_ANALYZER_NUMBER_OBJECT_CONVERSION = YES_AGGRESSIVE;
				CLANG_CXX_LANGUAGE_STANDARD = "gnu++20";
				CLANG_ENABLE_MODULES = YES;
				CLANG_ENABLE_OBJC_ARC = YES;
				CLANG_ENABLE_OBJC_WEAK = YES;
				CLANG_WARN_BLOCK_CAPTURE_AUTORELEASING = YES;
				CLANG_WARN_BOOL_CONVERSION = YES;
				CLANG_WARN_COMMA = YES;
				CLANG_WARN_CONSTANT_CONVERSION = YES;
				CLANG_WARN_DEPRECATED_OBJC_IMPLEMENTATIONS = YES;
				CLANG_WARN_DIRECT_OBJC_ISA_USAGE = YES_ERROR;
				CLANG_WARN_DOCUMENTATION_COMMENTS = YES;
				CLANG_WARN_EMPTY_BODY = YES;
				CLANG_WARN_ENUM_CONVERSION = YES;
				CLANG_WARN_INFINITE_RECURSION = YES;
				CLANG_WARN_INT_CONVERSION = YES;
				CLANG_WARN_NON_LITERAL_NULL_CONVERSION = YES;
				CLANG_WARN_OBJC_IMPLICIT_RETAIN_SELF = YES;
				CLANG_WARN_OBJC_LITERAL_CONVERSION = YES;
				CLANG_WARN_OBJC_ROOT_CLASS = YES_ERROR;
				CLANG_WARN_QUOTED_INCLUDE_IN_FRAMEWORK_HEADER = YES;
				CLANG_WARN_RANGE_LOOP_ANALYSIS = YES;
				CLANG_WARN_STRICT_PROTOTYPES = YES;
				CLANG_WARN_SUSPICIOUS_MOVE = YES;
				CLANG_WARN_UNGUARDED_AVAILABILITY = YES_AGGRESSIVE;
				CLANG_WARN_UNREACHABLE_CODE = YES;
				CLANG_WARN__DUPLICATE_METHOD_MATCH = YES;
				COPY_PHASE_STRIP = NO;
				DEBUG_INFORMATION_FORMAT = dwarf;
				ENABLE_STRICT_OBJC_MSGSEND = YES;
				ENABLE_TESTABILITY = YES;
				ENABLE_USER_SCRIPT_SANDBOXING = YES;
				GCC_C_LANGUAGE_STANDARD = gnu17;
				GCC_DYNAMIC_NO_PIC = NO;
				GCC_NO_COMMON_BLOCKS = YES;
				GCC_OPTIMIZATION_LEVEL = 0;
				GCC_PREPROCESSOR_DEFINITIONS = (
					"DEBUG=1",
					"$(inherited)",
				);
				GCC_WARN_64_TO_32_BIT_CONVERSION = YES;
				GCC_WARN_ABOUT_RETURN_TYPE = YES_ERROR;
				GCC_WARN_UNDECLARED_SELECTOR = YES;
				GCC_WARN_UNINITIALIZED_AUTOS = YES_AGGRESSIVE;
				GCC_WARN_UNUSED_FUNCTION = YES;
				GCC_WARN_UNUSED_VARIABLE = YES;
				IPHONEOS_DEPLOYMENT_TARGET = 18.1;
				LOCALIZATION_PREFERS_STRING_CATALOGS = YES;
				MTL_ENABLE_DEBUG_INFO = INCLUDE_SOURCE;
				MTL_FAST_MATH = YES;
				ONLY_ACTIVE_ARCH = YES;
				SDKROOT = iphoneos;
				SWIFT_ACTIVE_COMPILATION_CONDITIONS = "DEBUG $(inherited)";
				SWIFT_OPTIMIZATION_LEVEL = "-Onone";
			};
			name = Debug;
		};
		E488647A2DCB9A9400F79C64 /* Release */ = {
			isa = XCBuildConfiguration;
			buildSettings = {
				ALWAYS_SEARCH_USER_PATHS = NO;
				ASSETCATALOG_COMPILER_GENERATE_SWIFT_ASSET_SYMBOL_EXTENSIONS = YES;
				CLANG_ANALYZER_NONNULL = YES;
				CLANG_ANALYZER_NUMBER_OBJECT_CONVERSION = YES_AGGRESSIVE;
				CLANG_CXX_LANGUAGE_STANDARD = "gnu++20";
				CLANG_ENABLE_MODULES = YES;
				CLANG_ENABLE_OBJC_ARC = YES;
				CLANG_ENABLE_OBJC_WEAK = YES;
				CLANG_WARN_BLOCK_CAPTURE_AUTORELEASING = YES;
				CLANG_WARN_BOOL_CONVERSION = YES;
				CLANG_WARN_COMMA = YES;
				CLANG_WARN_CONSTANT_CONVERSION = YES;
				CLANG_WARN_DEPRECATED_OBJC_IMPLEMENTATIONS = YES;
				CLANG_WARN_DIRECT_OBJC_ISA_USAGE = YES_ERROR;
				CLANG_WARN_DOCUMENTATION_COMMENTS = YES;
				CLANG_WARN_EMPTY_BODY = YES;
				CLANG_WARN_ENUM_CONVERSION = YES;
				CLANG_WARN_INFINITE_RECURSION = YES;
				CLANG_WARN_INT_CONVERSION = YES;
				CLANG_WARN_NON_LITERAL_NULL_CONVERSION = YES;
				CLANG_WARN_OBJC_IMPLICIT_RETAIN_SELF = YES;
				CLANG_WARN_OBJC_LITERAL_CONVERSION = YES;
				CLANG_WARN_OBJC_ROOT_CLASS = YES_ERROR;
				CLANG_WARN_QUOTED_INCLUDE_IN_FRAMEWORK_HEADER = YES;
				CLANG_WARN_RANGE_LOOP_ANALYSIS = YES;
				CLANG_WARN_STRICT_PROTOTYPES = YES;
				CLANG_WARN_SUSPICIOUS_MOVE = YES;
				CLANG_WARN_UNGUARDED_AVAILABILITY = YES_AGGRESSIVE;
				CLANG_WARN_UNREACHABLE_CODE = YES;
				CLANG_WARN__DUPLICATE_METHOD_MATCH = YES;
				COPY_PHASE_STRIP = NO;
				DEBUG_INFORMATION_FORMAT = "dwarf-with-dsym";
				ENABLE_NS_ASSERTIONS = NO;
				ENABLE_STRICT_OBJC_MSGSEND = YES;
				ENABLE_USER_SCRIPT_SANDBOXING = YES;
				GCC_C_LANGUAGE_STANDARD = gnu17;
				GCC_NO_COMMON_BLOCKS = YES;
				GCC_WARN_64_TO_32_BIT_CONVERSION = YES;
				GCC_WARN_ABOUT_RETURN_TYPE = YES_ERROR;
				GCC_WARN_UNDECLARED_SELECTOR = YES;
				GCC_WARN_UNINITIALIZED_AUTOS = YES_AGGRESSIVE;
				GCC_WARN_UNUSED_FUNCTION = YES;
				GCC_WARN_UNUSED_VARIABLE = YES;
				IPHONEOS_DEPLOYMENT_TARGET = 18.1;
				LOCALIZATION_PREFERS_STRING_CATALOGS = YES;
				MTL_ENABLE_DEBUG_INFO = NO;
				MTL_FAST_MATH = YES;
				SDKROOT = iphoneos;
				SWIFT_COMPILATION_MODE = wholemodule;
				VALIDATE_PRODUCT = YES;
			};
			name = Release;
		};
		E488647C2DCB9A9400F79C64 /* Debug */ = {
			isa = XCBuildConfiguration;
			buildSettings = {
				ASSETCATALOG_COMPILER_APPICON_NAME = AppIcon;
				ASSETCATALOG_COMPILER_GLOBAL_ACCENT_COLOR_NAME = AccentColor;
				CODE_SIGN_STYLE = Automatic;
				CURRENT_PROJECT_VERSION = 1;
				DEVELOPMENT_ASSET_PATHS = "\"CodeSnippet/Preview Content\"";
				ENABLE_PREVIEWS = YES;
				GENERATE_INFOPLIST_FILE = YES;
				INFOPLIST_KEY_UIApplicationSceneManifest_Generation = YES;
				INFOPLIST_KEY_UIApplicationSupportsIndirectInputEvents = YES;
				INFOPLIST_KEY_UILaunchScreen_Generation = YES;
				INFOPLIST_KEY_UISupportedInterfaceOrientations_iPad = "UIInterfaceOrientationPortrait UIInterfaceOrientationPortraitUpsideDown UIInterfaceOrientationLandscapeLeft UIInterfaceOrientationLandscapeRight";
				INFOPLIST_KEY_UISupportedInterfaceOrientations_iPhone = "UIInterfaceOrientationPortrait UIInterfaceOrientationLandscapeLeft UIInterfaceOrientationLandscapeRight";
				LD_RUNPATH_SEARCH_PATHS = (
					"$(inherited)",
					"@executable_path/Frameworks",
				);
				MARKETING_VERSION = 1.0;
				PRODUCT_BUNDLE_IDENTIFIER = com.him.ioscourse.CodeSnippet;
				PRODUCT_NAME = "$(TARGET_NAME)";
				SWIFT_EMIT_LOC_STRINGS = YES;
				SWIFT_VERSION = 5.0;
				TARGETED_DEVICE_FAMILY = "1,2";
			};
			name = Debug;
		};
		E488647D2DCB9A9400F79C64 /* Release */ = {
			isa = XCBuildConfiguration;
			buildSettings = {
				ASSETCATALOG_COMPILER_APPICON_NAME = AppIcon;
				ASSETCATALOG_COMPILER_GLOBAL_ACCENT_COLOR_NAME = AccentColor;
				CODE_SIGN_STYLE = Automatic;
				CURRENT_PROJECT_VERSION = 1;
				DEVELOPMENT_ASSET_PATHS = "\"CodeSnippet/Preview Content\"";
				ENABLE_PREVIEWS = YES;
				GENERATE_INFOPLIST_FILE = YES;
				INFOPLIST_KEY_UIApplicationSceneManifest_Generation = YES;
				INFOPLIST_KEY_UIApplicationSupportsIndirectInputEvents = YES;
				INFOPLIST_KEY_UILaunchScreen_Generation = YES;
				INFOPLIST_KEY_UISupportedInterfaceOrientations_iPad = "UIInterfaceOrientationPortrait UIInterfaceOrientationPortraitUpsideDown UIInterfaceOrientationLandscapeLeft UIInterfaceOrientationLandscapeRight";
				INFOPLIST_KEY_UISupportedInterfaceOrientations_iPhone = "UIInterfaceOrientationPortrait UIInterfaceOrientationLandscapeLeft UIInterfaceOrientationLandscapeRight";
				LD_RUNPATH_SEARCH_PATHS = (
					"$(inherited)",
					"@executable_path/Frameworks",
				);
				MARKETING_VERSION = 1.0;
				PRODUCT_BUNDLE_IDENTIFIER = com.him.ioscourse.CodeSnippet;
				PRODUCT_NAME = "$(TARGET_NAME)";
				SWIFT_EMIT_LOC_STRINGS = YES;
				SWIFT_VERSION = 5.0;
				TARGETED_DEVICE_FAMILY = "1,2";
			};
			name = Release;
		};
		E488647F2DCB9A9400F79C64 /* Debug */ = {
			isa = XCBuildConfiguration;
			buildSettings = {
				BUNDLE_LOADER = "$(TEST_HOST)";
				CODE_SIGN_STYLE = Automatic;
				CURRENT_PROJECT_VERSION = 1;
				GENERATE_INFOPLIST_FILE = YES;
				IPHONEOS_DEPLOYMENT_TARGET = 18.1;
				MARKETING_VERSION = 1.0;
				PRODUCT_BUNDLE_IDENTIFIER = com.him.ioscourse.CodeSnippetTests;
				PRODUCT_NAME = "$(TARGET_NAME)";
				SWIFT_EMIT_LOC_STRINGS = NO;
				SWIFT_VERSION = 5.0;
				TARGETED_DEVICE_FAMILY = "1,2";
				TEST_HOST = "$(BUILT_PRODUCTS_DIR)/CodeSnippet.app/$(BUNDLE_EXECUTABLE_FOLDER_PATH)/CodeSnippet";
			};
			name = Debug;
		};
		E48864802DCB9A9400F79C64 /* Release */ = {
			isa = XCBuildConfiguration;
			buildSettings = {
				BUNDLE_LOADER = "$(TEST_HOST)";
				CODE_SIGN_STYLE = Automatic;
				CURRENT_PROJECT_VERSION = 1;
				GENERATE_INFOPLIST_FILE = YES;
				IPHONEOS_DEPLOYMENT_TARGET = 18.1;
				MARKETING_VERSION = 1.0;
				PRODUCT_BUNDLE_IDENTIFIER = com.him.ioscourse.CodeSnippetTests;
				PRODUCT_NAME = "$(TARGET_NAME)";
				SWIFT_EMIT_LOC_STRINGS = NO;
				SWIFT_VERSION = 5.0;
				TARGETED_DEVICE_FAMILY = "1,2";
				TEST_HOST = "$(BUILT_PRODUCTS_DIR)/CodeSnippet.app/$(BUNDLE_EXECUTABLE_FOLDER_PATH)/CodeSnippet";
			};
			name = Release;
		};
		E48864822DCB9A9400F79C64 /* Debug */ = {
			isa = XCBuildConfiguration;
			buildSettings = {
				CODE_SIGN_STYLE = Automatic;
				CURRENT_PROJECT_VERSION = 1;
				GENERATE_INFOPLIST_FILE = YES;
				MARKETING_VERSION = 1.0;
				PRODUCT_BUNDLE_IDENTIFIER = com.him.ioscourse.CodeSnippetUITests;
				PRODUCT_NAME = "$(TARGET_NAME)";
				SWIFT_EMIT_LOC_STRINGS = NO;
				SWIFT_VERSION = 5.0;
				TARGETED_DEVICE_FAMILY = "1,2";
				TEST_TARGET_NAME = CodeSnippet;
			};
			name = Debug;
		};
		E48864832DCB9A9400F79C64 /* Release */ = {
			isa = XCBuildConfiguration;
			buildSettings = {
				CODE_SIGN_STYLE = Automatic;
				CURRENT_PROJECT_VERSION = 1;
				GENERATE_INFOPLIST_FILE = YES;
				MARKETING_VERSION = 1.0;
				PRODUCT_BUNDLE_IDENTIFIER = com.him.ioscourse.CodeSnippetUITests;
				PRODUCT_NAME = "$(TARGET_NAME)";
				SWIFT_EMIT_LOC_STRINGS = NO;
				SWIFT_VERSION = 5.0;
				TARGETED_DEVICE_FAMILY = "1,2";
				TEST_TARGET_NAME = CodeSnippet;
			};
			name = Release;
		};
/* End XCBuildConfiguration section */

/* Begin XCConfigurationList section */
		E48864522DCB9A9300F79C64 /* Build configuration list for PBXProject "CodeSnippet" */ = {
			isa = XCConfigurationList;
			buildConfigurations = (
				E48864792DCB9A9400F79C64 /* Debug */,
				E488647A2DCB9A9400F79C64 /* Release */,
			);
			defaultConfigurationIsVisible = 0;
			defaultConfigurationName = Release;
		};
		E488647B2DCB9A9400F79C64 /* Build configuration list for PBXNativeTarget "CodeSnippet" */ = {
			isa = XCConfigurationList;
			buildConfigurations = (
				E488647C2DCB9A9400F79C64 /* Debug */,
				E488647D2DCB9A9400F79C64 /* Release */,
			);
			defaultConfigurationIsVisible = 0;
			defaultConfigurationName = Release;
		};
		E488647E2DCB9A9400F79C64 /* Build configuration list for PBXNativeTarget "CodeSnippetTests" */ = {
			isa = XCConfigurationList;
			buildConfigurations = (
				E488647F2DCB9A9400F79C64 /* Debug */,
				E48864802DCB9A9400F79C64 /* Release */,
			);
			defaultConfigurationIsVisible = 0;
			defaultConfigurationName = Release;
		};
		E48864812DCB9A9400F79C64 /* Build configuration list for PBXNativeTarget "CodeSnippetUITests" */ = {
			isa = XCConfigurationList;
			buildConfigurations = (
				E48864822DCB9A9400F79C64 /* Debug */,
				E48864832DCB9A9400F79C64 /* Release */,
			);
			defaultConfigurationIsVisible = 0;
			defaultConfigurationName = Release;
		};
/* End XCConfigurationList section */
	};
	rootObject = E488644F2DCB9A9300F79C64 /* Project object */;
}
